Microsoft Visual Studio Solution File, Format Version 12.00
# Visual Studio Version 17
VisualStudioVersion = 17.5.2.0
MinimumVisualStudioVersion = 10.0.40219.1
Project("{2150E333-8FDC-42A3-9474-1A3956D46DE8}") = "Services", "Services", "{5854FF58-B8C5-05C6-5BF2-ACE42193F22B}"
EndProject
Project("{FAE04EC0-301F-11D3-BF4B-00C04F79EFBC}") = "ReportService", "Services\ReportService\ReportService.csproj", "{7BBD36E6-BC59-C8F4-4908-56CC084D2966}"
EndProject
Project("{FAE04EC0-301F-11D3-BF4B-00C04F79EFBC}") = "ContactService", "Services\ContactService\ContactService.csproj", "{9DCB8165-13B5-EC30-5268-64F1D8D715AF}"
EndProject
Global
	GlobalSection(SolutionConfigurationPlatforms) = preSolution
		Debug|Any CPU = Debug|Any CPU
		Release|Any CPU = Release|Any CPU
	EndGlobalSection
	GlobalSection(ProjectConfigurationPlatforms) = postSolution
		{7BBD36E6-BC59-C8F4-4908-56CC084D2966}.Debug|Any CPU.ActiveCfg = Debug|Any CPU
		{7BBD36E6-BC59-C8F4-4908-56CC084D2966}.Debug|Any CPU.Build.0 = Debug|Any CPU
		{7BBD36E6-BC59-C8F4-4908-56CC084D2966}.Release|Any CPU.ActiveCfg = Release|Any CPU
		{7BBD36E6-BC59-C8F4-4908-56CC084D2966}.Release|Any CPU.Build.0 = Release|Any CPU
		{9DCB8165-13B5-EC30-5268-64F1D8D715AF}.Debug|Any CPU.ActiveCfg = Debug|Any CPU
		{9DCB8165-13B5-EC30-5268-64F1D8D715AF}.Debug|Any CPU.Build.0 = Debug|Any CPU
		{9DCB8165-13B5-EC30-5268-64F1D8D715AF}.Release|Any CPU.ActiveCfg = Release|Any CPU
		{9DCB8165-13B5-EC30-5268-64F1D8D715AF}.Release|Any CPU.Build.0 = Release|Any CPU
	EndGlobalSection
	GlobalSection(SolutionProperties) = preSolution
		HideSolutionNode = FALSE
	EndGlobalSection
	GlobalSection(NestedProjects) = preSolution
		{7BBD36E6-BC59-C8F4-4908-56CC084D2966} = {5854FF58-B8C5-05C6-5BF2-ACE42193F22B}
		{9DCB8165-13B5-EC30-5268-64F1D8D715AF} = {5854FF58-B8C5-05C6-5BF2-ACE42193F22B}
	EndGlobalSection
	GlobalSection(ExtensibilityGlobals) = postSolution
		SolutionGuid = {6568F3FA-5433-4FBB-93DB-8F03D8DC5BB5}
	EndGlobalSection
EndGlobal
